# This file is autogenerated, do not edit; changes may be undone by the next 'dep ensure'.


[[projects]]
  branch = "master"
  digest = "1:502849a87af1c3fbcbe431730cf2f3fc3dafa7a803a178b274a97f3cca567272"
  name = "github.com/fiskeben/scrapejestad"
  packages = ["."]
  pruneopts = "UT"
  revision = "d839d18d9ea107967595ef013999ac2bdf112f59"

[[projects]]
  branch = "master"
  digest = "1:de4815ce3ca5b624af2733716ecd471de1ef50cda8afec39491aab517f73139c"
  name = "golang.org/x/net"
  packages = [
    "html",
    "html/atom",
  ]
  pruneopts = "UT"
  revision = "3a22650c66bd7f4fb6d1e8072ffd7b75c8a27898"

[solve-meta]
  analyzer-name = "dep"
  analyzer-version = 1
  input-imports = ["github.com/fiskeben/scrapejestad"]
  solver-name = "gps-cdcl"
  solver-version = 1
