# This file is autogenerated, do not edit; changes may be undone by the next 'dep ensure'.


[[projects]]
  branch = "master"
  digest = "1:0f653ee21ace91775734d8d85cd7d2a03b65d50c5555255f233070f0b3fb4492"
  name = "github.com/fiskeben/scrapejestad"
  packages = ["."]
  pruneopts = "UT"
  revision = "9bbeaef61bae1175297b37df470d7b23340a9dfd"

[[projects]]
  branch = "master"
  digest = "1:de4815ce3ca5b624af2733716ecd471de1ef50cda8afec39491aab517f73139c"
  name = "golang.org/x/net"
  packages = [
    "html",
    "html/atom",
  ]
  pruneopts = "UT"
  revision = "3a22650c66bd7f4fb6d1e8072ffd7b75c8a27898"

[solve-meta]
  analyzer-name = "dep"
  analyzer-version = 1
  input-imports = ["github.com/fiskeben/scrapejestad"]
  solver-name = "gps-cdcl"
  solver-version = 1
